
Microsoft Visual Studio Solution File, Format Version 12.00
# Visual Studio Version 17
VisualStudioVersion = 17.11.35303.130
MinimumVisualStudioVersion = 10.0.40219.1
Project("{FAE04EC0-301F-11D3-BF4B-00C04F79EFBC}") = "Gestion Resraurant", "Gestion Resraurant\Gestion Resraurant.csproj", "{65C5873E-17FF-4FE4-9F6F-B277C0543D20}"
EndProject
Global
	GlobalSection(SolutionConfigurationPlatforms) = preSolution
		Debug|Any CPU = Debug|Any CPU
		Release|Any CPU = Release|Any CPU
	EndGlobalSection
	GlobalSection(ProjectConfigurationPlatforms) = postSolution
		{65C5873E-17FF-4FE4-9F6F-B277C0543D20}.Debug|Any CPU.ActiveCfg = Debug|Any CPU
		{65C5873E-17FF-4FE4-9F6F-B277C0543D20}.Debug|Any CPU.Build.0 = Debug|Any CPU
		{65C5873E-17FF-4FE4-9F6F-B277C0543D20}.Release|Any CPU.ActiveCfg = Release|Any CPU
		{65C5873E-17FF-4FE4-9F6F-B277C0543D20}.Release|Any CPU.Build.0 = Release|Any CPU
	EndGlobalSection
	GlobalSection(SolutionProperties) = preSolution
		HideSolutionNode = FALSE
	EndGlobalSection
	GlobalSection(ExtensibilityGlobals) = postSolution
		SolutionGuid = {5EEBCF87-9129-4E04-8039-EA984E2A5FAB}
	EndGlobalSection
EndGlobal
